// !$*UTF8*$!
{
	archiveVersion = 1;
	classes = {
	};
	objectVersion = 50;
	objects = {

/* Begin PBXBuildFile section */
		7E21B20F21567694009681EC /* AuthenticationService.swift in Sources */ = {isa = PBXBuildFile; fileRef = 7E21B20E21567694009681EC /* AuthenticationService.swift */; };
		7E427620214808580006A054 /* AppDelegate.swift in Sources */ = {isa = PBXBuildFile; fileRef = 7E42761F214808580006A054 /* AppDelegate.swift */; };
		7E427622214808580006A054 /* AuthenticationViewController.swift in Sources */ = {isa = PBXBuildFile; fileRef = 7E427621214808580006A054 /* AuthenticationViewController.swift */; };
		7E427625214808590006A054 /* Main.storyboard in Resources */ = {isa = PBXBuildFile; fileRef = 7E427623214808580006A054 /* Main.storyboard */; };
		7E427628214808590006A054 /* Tasmeam.xcdatamodeld in Sources */ = {isa = PBXBuildFile; fileRef = 7E427626214808590006A054 /* Tasmeam.xcdatamodeld */; };
		7E42762A2148085D0006A054 /* Assets.xcassets in Resources */ = {isa = PBXBuildFile; fileRef = 7E4276292148085D0006A054 /* Assets.xcassets */; };
		7E42762D2148085D0006A054 /* LaunchScreen.storyboard in Resources */ = {isa = PBXBuildFile; fileRef = 7E42762B2148085D0006A054 /* LaunchScreen.storyboard */; };
		7E7A9EED214952360045FDF1 /* EmailSignInViewController.swift in Sources */ = {isa = PBXBuildFile; fileRef = 7E7A9EEC214952360045FDF1 /* EmailSignInViewController.swift */; };
		7E7A9EEF214967380045FDF1 /* SignUpViewController.swift in Sources */ = {isa = PBXBuildFile; fileRef = 7E7A9EEE214967380045FDF1 /* SignUpViewController.swift */; };
		7E7A9EF1214989A20045FDF1 /* HomeViewController.swift in Sources */ = {isa = PBXBuildFile; fileRef = 7E7A9EF0214989A20045FDF1 /* HomeViewController.swift */; };
		7E7A9EF32149B1640045FDF1 /* GoogleService-Info.plist in Resources */ = {isa = PBXBuildFile; fileRef = 7E7A9EF22149B1640045FDF1 /* GoogleService-Info.plist */; };
		7E7A9EF62149B4490045FDF1 /* DataService.swift in Sources */ = {isa = PBXBuildFile; fileRef = 7E7A9EF52149B4490045FDF1 /* DataService.swift */; };
		923DD47AB3A3AB8CECF1FD2F /* libPods-Tasmeam.a in Frameworks */ = {isa = PBXBuildFile; fileRef = 1616CBBE0DF30E1F47D15A25 /* libPods-Tasmeam.a */; };
/* End PBXBuildFile section */

/* Begin PBXFileReference section */
		04F92B8BC5E4F5B4663F4567 /* Pods-Tasmeam.debug.xcconfig */ = {isa = PBXFileReference; includeInIndex = 1; lastKnownFileType = text.xcconfig; name = "Pods-Tasmeam.debug.xcconfig"; path = "Pods/Target Support Files/Pods-Tasmeam/Pods-Tasmeam.debug.xcconfig"; sourceTree = "<group>"; };
		1616CBBE0DF30E1F47D15A25 /* libPods-Tasmeam.a */ = {isa = PBXFileReference; explicitFileType = archive.ar; includeInIndex = 0; path = "libPods-Tasmeam.a"; sourceTree = BUILT_PRODUCTS_DIR; };
		7E21B20E21567694009681EC /* AuthenticationService.swift */ = {isa = PBXFileReference; lastKnownFileType = sourcecode.swift; path = AuthenticationService.swift; sourceTree = "<group>"; };
		7E42761C214808580006A054 /* Tasmeam.app */ = {isa = PBXFileReference; explicitFileType = wrapper.application; includeInIndex = 0; path = Tasmeam.app; sourceTree = BUILT_PRODUCTS_DIR; };
		7E42761F214808580006A054 /* AppDelegate.swift */ = {isa = PBXFileReference; lastKnownFileType = sourcecode.swift; path = AppDelegate.swift; sourceTree = "<group>"; };
		7E427621214808580006A054 /* AuthenticationViewController.swift */ = {isa = PBXFileReference; lastKnownFileType = sourcecode.swift; path = AuthenticationViewController.swift; sourceTree = "<group>"; };
		7E427624214808580006A054 /* Base */ = {isa = PBXFileReference; lastKnownFileType = file.storyboard; name = Base; path = Base.lproj/Main.storyboard; sourceTree = "<group>"; };
		7E427627214808590006A054 /* Tasmeam.xcdatamodel */ = {isa = PBXFileReference; lastKnownFileType = wrapper.xcdatamodel; path = Tasmeam.xcdatamodel; sourceTree = "<group>"; };
		7E4276292148085D0006A054 /* Assets.xcassets */ = {isa = PBXFileReference; lastKnownFileType = folder.assetcatalog; path = Assets.xcassets; sourceTree = "<group>"; };
		7E42762C2148085D0006A054 /* Base */ = {isa = PBXFileReference; lastKnownFileType = file.storyboard; name = Base; path = Base.lproj/LaunchScreen.storyboard; sourceTree = "<group>"; };
		7E42762E2148085D0006A054 /* Info.plist */ = {isa = PBXFileReference; lastKnownFileType = text.plist.xml; path = Info.plist; sourceTree = "<group>"; };
		7E7A9EEC214952360045FDF1 /* EmailSignInViewController.swift */ = {isa = PBXFileReference; lastKnownFileType = sourcecode.swift; path = EmailSignInViewController.swift; sourceTree = "<group>"; };
		7E7A9EEE214967380045FDF1 /* SignUpViewController.swift */ = {isa = PBXFileReference; lastKnownFileType = sourcecode.swift; path = SignUpViewController.swift; sourceTree = "<group>"; };
		7E7A9EF0214989A20045FDF1 /* HomeViewController.swift */ = {isa = PBXFileReference; lastKnownFileType = sourcecode.swift; path = HomeViewController.swift; sourceTree = "<group>"; };
		7E7A9EF22149B1640045FDF1 /* GoogleService-Info.plist */ = {isa = PBXFileReference; fileEncoding = 4; lastKnownFileType = text.plist.xml; path = "GoogleService-Info.plist"; sourceTree = "<group>"; };
		7E7A9EF52149B4490045FDF1 /* DataService.swift */ = {isa = PBXFileReference; lastKnownFileType = sourcecode.swift; path = DataService.swift; sourceTree = "<group>"; };
		E9B15180D9D0C747B6643E88 /* Pods-Tasmeam.release.xcconfig */ = {isa = PBXFileReference; includeInIndex = 1; lastKnownFileType = text.xcconfig; name = "Pods-Tasmeam.release.xcconfig"; path = "Pods/Target Support Files/Pods-Tasmeam/Pods-Tasmeam.release.xcconfig"; sourceTree = "<group>"; };
/* End PBXFileReference section */

/* Begin PBXFrameworksBuildPhase section */
		7E427619214808580006A054 /* Frameworks */ = {
			isa = PBXFrameworksBuildPhase;
			buildActionMask = 2147483647;
			files = (
				923DD47AB3A3AB8CECF1FD2F /* libPods-Tasmeam.a in Frameworks */,
			);
			runOnlyForDeploymentPostprocessing = 0;
		};
/* End PBXFrameworksBuildPhase section */

/* Begin PBXGroup section */
		6AA3B0B1C9D6CEAD75A74EEE /* Frameworks */ = {
			isa = PBXGroup;
			children = (
				1616CBBE0DF30E1F47D15A25 /* libPods-Tasmeam.a */,
			);
			name = Frameworks;
			sourceTree = "<group>";
		};
		7E427613214808580006A054 = {
			isa = PBXGroup;
			children = (
				7E42761E214808580006A054 /* Tasmeam */,
				7E42761D214808580006A054 /* Products */,
				B74AD4AA20EF9AFAF7A97489 /* Pods */,
				6AA3B0B1C9D6CEAD75A74EEE /* Frameworks */,
			);
			sourceTree = "<group>";
		};
		7E42761D214808580006A054 /* Products */ = {
			isa = PBXGroup;
			children = (
				7E42761C214808580006A054 /* Tasmeam.app */,
			);
			name = Products;
			sourceTree = "<group>";
		};
		7E42761E214808580006A054 /* Tasmeam */ = {
			isa = PBXGroup;
			children = (
				7E7A9EF42149B3B30045FDF1 /* Services */,
				7E7A9EE9214951AA0045FDF1 /* Controller */,
				7E42761F214808580006A054 /* AppDelegate.swift */,
				7E427623214808580006A054 /* Main.storyboard */,
				7E4276292148085D0006A054 /* Assets.xcassets */,
				7E42762B2148085D0006A054 /* LaunchScreen.storyboard */,
				7E42762E2148085D0006A054 /* Info.plist */,
				7E427626214808590006A054 /* Tasmeam.xcdatamodeld */,
				7E7A9EF22149B1640045FDF1 /* GoogleService-Info.plist */,
			);
			path = Tasmeam;
			sourceTree = "<group>";
		};
		7E7A9EE9214951AA0045FDF1 /* Controller */ = {
			isa = PBXGroup;
			children = (
				7E427621214808580006A054 /* AuthenticationViewController.swift */,
				7E7A9EEC214952360045FDF1 /* EmailSignInViewController.swift */,
				7E7A9EEE214967380045FDF1 /* SignUpViewController.swift */,
				7E7A9EF0214989A20045FDF1 /* HomeViewController.swift */,
			);
			path = Controller;
			sourceTree = "<group>";
		};
		7E7A9EF42149B3B30045FDF1 /* Services */ = {
			isa = PBXGroup;
			children = (
				7E7A9EF52149B4490045FDF1 /* DataService.swift */,
				7E21B20E21567694009681EC /* AuthenticationService.swift */,
			);
			path = Services;
			sourceTree = "<group>";
		};
		B74AD4AA20EF9AFAF7A97489 /* Pods */ = {
			isa = PBXGroup;
			children = (
				04F92B8BC5E4F5B4663F4567 /* Pods-Tasmeam.debug.xcconfig */,
				E9B15180D9D0C747B6643E88 /* Pods-Tasmeam.release.xcconfig */,
			);
			name = Pods;
			sourceTree = "<group>";
		};
/* End PBXGroup section */

/* Begin PBXNativeTarget section */
		7E42761B214808580006A054 /* Tasmeam */ = {
			isa = PBXNativeTarget;
			buildConfigurationList = 7E4276312148085D0006A054 /* Build configuration list for PBXNativeTarget "Tasmeam" */;
			buildPhases = (
				BEC12122A77532F0A923D03B /* [CP] Check Pods Manifest.lock */,
				7E427618214808580006A054 /* Sources */,
				7E427619214808580006A054 /* Frameworks */,
				7E42761A214808580006A054 /* Resources */,
			);
			buildRules = (
			);
			dependencies = (
			);
			name = Tasmeam;
			productName = Tasmeam;
			productReference = 7E42761C214808580006A054 /* Tasmeam.app */;
			productType = "com.apple.product-type.application";
		};
/* End PBXNativeTarget section */

/* Begin PBXProject section */
		7E427614214808580006A054 /* Project object */ = {
			isa = PBXProject;
			attributes = {
				LastSwiftUpdateCheck = 1000;
				LastUpgradeCheck = 1000;
				ORGANIZATIONNAME = "Ahmed Elbasha";
				TargetAttributes = {
					7E42761B214808580006A054 = {
						CreatedOnToolsVersion = 10.0;
					};
				};
			};
			buildConfigurationList = 7E427617214808580006A054 /* Build configuration list for PBXProject "Tasmeam" */;
			compatibilityVersion = "Xcode 9.3";
			developmentRegion = en;
			hasScannedForEncodings = 0;
			knownRegions = (
				en,
				Base,
			);
			mainGroup = 7E427613214808580006A054;
			productRefGroup = 7E42761D214808580006A054 /* Products */;
			projectDirPath = "";
			projectRoot = "";
			targets = (
				7E42761B214808580006A054 /* Tasmeam */,
			);
		};
/* End PBXProject section */

/* Begin PBXResourcesBuildPhase section */
		7E42761A214808580006A054 /* Resources */ = {
			isa = PBXResourcesBuildPhase;
			buildActionMask = 2147483647;
			files = (
				7E42762D2148085D0006A054 /* LaunchScreen.storyboard in Resources */,
				7E7A9EF32149B1640045FDF1 /* GoogleService-Info.plist in Resources */,
				7E42762A2148085D0006A054 /* Assets.xcassets in Resources */,
				7E427625214808590006A054 /* Main.storyboard in Resources */,
			);
			runOnlyForDeploymentPostprocessing = 0;
		};
/* End PBXResourcesBuildPhase section */

/* Begin PBXShellScriptBuildPhase section */
		BEC12122A77532F0A923D03B /* [CP] Check Pods Manifest.lock */ = {
			isa = PBXShellScriptBuildPhase;
			buildActionMask = 2147483647;
			files = (
			);
			inputPaths = (
				"${PODS_PODFILE_DIR_PATH}/Podfile.lock",
				"${PODS_ROOT}/Manifest.lock",
			);
			name = "[CP] Check Pods Manifest.lock";
			outputPaths = (
				"$(DERIVED_FILE_DIR)/Pods-Tasmeam-checkManifestLockResult.txt",
			);
			runOnlyForDeploymentPostprocessing = 0;
			shellPath = /bin/sh;
			shellScript = "diff \"${PODS_PODFILE_DIR_PATH}/Podfile.lock\" \"${PODS_ROOT}/Manifest.lock\" > /dev/null\nif [ $? != 0 ] ; then\n    # print error to STDERR\n    echo \"error: The sandbox is not in sync with the Podfile.lock. Run 'pod install' or update your CocoaPods installation.\" >&2\n    exit 1\nfi\n# This output is used by Xcode 'outputs' to avoid re-running this script phase.\necho \"SUCCESS\" > \"${SCRIPT_OUTPUT_FILE_0}\"\n";
			showEnvVarsInLog = 0;
		};
/* End PBXShellScriptBuildPhase section */

/* Begin PBXSourcesBuildPhase section */
		7E427618214808580006A054 /* Sources */ = {
			isa = PBXSourcesBuildPhase;
			buildActionMask = 2147483647;
			files = (
				7E427622214808580006A054 /* AuthenticationViewController.swift in Sources */,
				7E7A9EF62149B4490045FDF1 /* DataService.swift in Sources */,
				7E7A9EED214952360045FDF1 /* EmailSignInViewController.swift in Sources */,
				7E427620214808580006A054 /* AppDelegate.swift in Sources */,
				7E427628214808590006A054 /* Tasmeam.xcdatamodeld in Sources */,
				7E7A9EEF214967380045FDF1 /* SignUpViewController.swift in Sources */,
				7E7A9EF1214989A20045FDF1 /* HomeViewController.swift in Sources */,
				7E21B20F21567694009681EC /* AuthenticationService.swift in Sources */,
			);
			runOnlyForDeploymentPostprocessing = 0;
		};
/* End PBXSourcesBuildPhase section */

/* Begin PBXVariantGroup section */
		7E427623214808580006A054 /* Main.storyboard */ = {
			isa = PBXVariantGroup;
			children = (
				7E427624214808580006A054 /* Base */,
			);
			name = Main.storyboard;
			sourceTree = "<group>";
		};
		7E42762B2148085D0006A054 /* LaunchScreen.storyboard */ = {
			isa = PBXVariantGroup;
			children = (
				7E42762C2148085D0006A054 /* Base */,
			);
			name = LaunchScreen.storyboard;
			sourceTree = "<group>";
		};
/* End PBXVariantGroup section */

/* Begin XCBuildConfiguration section */
		7E42762F2148085D0006A054 /* Debug */ = {
			isa = XCBuildConfiguration;
			buildSettings = {
				ALWAYS_SEARCH_USER_PATHS = NO;
				CLANG_ANALYZER_NONNULL = YES;
				CLANG_ANALYZER_NUMBER_OBJECT_CONVERSION = YES_AGGRESSIVE;
				CLANG_CXX_LANGUAGE_STANDARD = "gnu++14";
				CLANG_CXX_LIBRARY = "libc++";
				CLANG_ENABLE_MODULES = YES;
				CLANG_ENABLE_OBJC_ARC = YES;
				CLANG_ENABLE_OBJC_WEAK = YES;
				CLANG_WARN_BLOCK_CAPTURE_AUTORELEASING = YES;
				CLANG_WARN_BOOL_CONVERSION = YES;
				CLANG_WARN_COMMA = YES;
				CLANG_WARN_CONSTANT_CONVERSION = YES;
				CLANG_WARN_DEPRECATED_OBJC_IMPLEMENTATIONS = YES;
				CLANG_WARN_DIRECT_OBJC_ISA_USAGE = YES_ERROR;
				CLANG_WARN_DOCUMENTATION_COMMENTS = YES;
				CLANG_WARN_EMPTY_BODY = YES;
				CLANG_WARN_ENUM_CONVERSION = YES;
				CLANG_WARN_INFINITE_RECURSION = YES;
				CLANG_WARN_INT_CONVERSION = YES;
				CLANG_WARN_NON_LITERAL_NULL_CONVERSION = YES;
				CLANG_WARN_OBJC_IMPLICIT_RETAIN_SELF = YES;
				CLANG_WARN_OBJC_LITERAL_CONVERSION = YES;
				CLANG_WARN_OBJC_ROOT_CLASS = YES_ERROR;
				CLANG_WARN_RANGE_LOOP_ANALYSIS = YES;
				CLANG_WARN_STRICT_PROTOTYPES = YES;
				CLANG_WARN_SUSPICIOUS_MOVE = YES;
				CLANG_WARN_UNGUARDED_AVAILABILITY = YES_AGGRESSIVE;
				CLANG_WARN_UNREACHABLE_CODE = YES;
				CLANG_WARN__DUPLICATE_METHOD_MATCH = YES;
				CODE_SIGN_IDENTITY = "iPhone Developer";
				COPY_PHASE_STRIP = NO;
				DEBUG_INFORMATION_FORMAT = dwarf;
				ENABLE_STRICT_OBJC_MSGSEND = YES;
				ENABLE_TESTABILITY = YES;
				GCC_C_LANGUAGE_STANDARD = gnu11;
				GCC_DYNAMIC_NO_PIC = NO;
				GCC_NO_COMMON_BLOCKS = YES;
				GCC_OPTIMIZATION_LEVEL = 0;
				GCC_PREPROCESSOR_DEFINITIONS = (
					"DEBUG=1",
					"$(inherited)",
				);
				GCC_WARN_64_TO_32_BIT_CONVERSION = YES;
				GCC_WARN_ABOUT_RETURN_TYPE = YES_ERROR;
				GCC_WARN_UNDECLARED_SELECTOR = YES;
				GCC_WARN_UNINITIALIZED_AUTOS = YES_AGGRESSIVE;
				GCC_WARN_UNUSED_FUNCTION = YES;
				GCC_WARN_UNUSED_VARIABLE = YES;
				IPHONEOS_DEPLOYMENT_TARGET = 12.0;
				MTL_ENABLE_DEBUG_INFO = INCLUDE_SOURCE;
				MTL_FAST_MATH = YES;
				ONLY_ACTIVE_ARCH = YES;
				SDKROOT = iphoneos;
				SWIFT_ACTIVE_COMPILATION_CONDITIONS = DEBUG;
				SWIFT_OPTIMIZATION_LEVEL = "-Onone";
			};
			name = Debug;
		};
		7E4276302148085D0006A054 /* Release */ = {
			isa = XCBuildConfiguration;
			buildSettings = {
				ALWAYS_SEARCH_USER_PATHS = NO;
				CLANG_ANALYZER_NONNULL = YES;
				CLANG_ANALYZER_NUMBER_OBJECT_CONVERSION = YES_AGGRESSIVE;
				CLANG_CXX_LANGUAGE_STANDARD = "gnu++14";
				CLANG_CXX_LIBRARY = "libc++";
				CLANG_ENABLE_MODULES = YES;
				CLANG_ENABLE_OBJC_ARC = YES;
				CLANG_ENABLE_OBJC_WEAK = YES;
				CLANG_WARN_BLOCK_CAPTURE_AUTORELEASING = YES;
				CLANG_WARN_BOOL_CONVERSION = YES;
				CLANG_WARN_COMMA = YES;
				CLANG_WARN_CONSTANT_CONVERSION = YES;
				CLANG_WARN_DEPRECATED_OBJC_IMPLEMENTATIONS = YES;
				CLANG_WARN_DIRECT_OBJC_ISA_USAGE = YES_ERROR;
				CLANG_WARN_DOCUMENTATION_COMMENTS = YES;
				CLANG_WARN_EMPTY_BODY = YES;
				CLANG_WARN_ENUM_CONVERSION = YES;
				CLANG_WARN_INFINITE_RECURSION = YES;
				CLANG_WARN_INT_CONVERSION = YES;
				CLANG_WARN_NON_LITERAL_NULL_CONVERSION = YES;
				CLANG_WARN_OBJC_IMPLICIT_RETAIN_SELF = YES;
				CLANG_WARN_OBJC_LITERAL_CONVERSION = YES;
				CLANG_WARN_OBJC_ROOT_CLASS = YES_ERROR;
				CLANG_WARN_RANGE_LOOP_ANALYSIS = YES;
				CLANG_WARN_STRICT_PROTOTYPES = YES;
				CLANG_WARN_SUSPICIOUS_MOVE = YES;
				CLANG_WARN_UNGUARDED_AVAILABILITY = YES_AGGRESSIVE;
				CLANG_WARN_UNREACHABLE_CODE = YES;
				CLANG_WARN__DUPLICATE_METHOD_MATCH = YES;
				CODE_SIGN_IDENTITY = "iPhone Developer";
				COPY_PHASE_STRIP = NO;
				DEBUG_INFORMATION_FORMAT = "dwarf-with-dsym";
				ENABLE_NS_ASSERTIONS = NO;
				ENABLE_STRICT_OBJC_MSGSEND = YES;
				GCC_C_LANGUAGE_STANDARD = gnu11;
				GCC_NO_COMMON_BLOCKS = YES;
				GCC_WARN_64_TO_32_BIT_CONVERSION = YES;
				GCC_WARN_ABOUT_RETURN_TYPE = YES_ERROR;
				GCC_WARN_UNDECLARED_SELECTOR = YES;
				GCC_WARN_UNINITIALIZED_AUTOS = YES_AGGRESSIVE;
				GCC_WARN_UNUSED_FUNCTION = YES;
				GCC_WARN_UNUSED_VARIABLE = YES;
				IPHONEOS_DEPLOYMENT_TARGET = 12.0;
				MTL_ENABLE_DEBUG_INFO = NO;
				MTL_FAST_MATH = YES;
				SDKROOT = iphoneos;
				SWIFT_COMPILATION_MODE = wholemodule;
				SWIFT_OPTIMIZATION_LEVEL = "-O";
				VALIDATE_PRODUCT = YES;
			};
			name = Release;
		};
		7E4276322148085D0006A054 /* Debug */ = {
			isa = XCBuildConfiguration;
			baseConfigurationReference = 04F92B8BC5E4F5B4663F4567 /* Pods-Tasmeam.debug.xcconfig */;
			buildSettings = {
				ASSETCATALOG_COMPILER_APPICON_NAME = AppIcon;
				CODE_SIGN_STYLE = Automatic;
				INFOPLIST_FILE = Tasmeam/Info.plist;
				LD_RUNPATH_SEARCH_PATHS = (
					"$(inherited)",
					"@executable_path/Frameworks",
				);
				PRODUCT_BUNDLE_IDENTIFIER = "Ahmed-Elbasha.Tasmeam";
				PRODUCT_NAME = "$(TARGET_NAME)";
				SWIFT_VERSION = 4.2;
				TARGETED_DEVICE_FAMILY = "1,2";
			};
			name = Debug;
		};
		7E4276332148085D0006A054 /* Release */ = {
			isa = XCBuildConfiguration;
			baseConfigurationReference = E9B15180D9D0C747B6643E88 /* Pods-Tasmeam.release.xcconfig */;
			buildSettings = {
				ASSETCATALOG_COMPILER_APPICON_NAME = AppIcon;
				CODE_SIGN_STYLE = Automatic;
				INFOPLIST_FILE = Tasmeam/Info.plist;
				LD_RUNPATH_SEARCH_PATHS = (
					"$(inherited)",
					"@executable_path/Frameworks",
				);
				PRODUCT_BUNDLE_IDENTIFIER = "Ahmed-Elbasha.Tasmeam";
				PRODUCT_NAME = "$(TARGET_NAME)";
				SWIFT_VERSION = 4.2;
				TARGETED_DEVICE_FAMILY = "1,2";
			};
			name = Release;
		};
/* End XCBuildConfiguration section */

/* Begin XCConfigurationList section */
		7E427617214808580006A054 /* Build configuration list for PBXProject "Tasmeam" */ = {
			isa = XCConfigurationList;
			buildConfigurations = (
				7E42762F2148085D0006A054 /* Debug */,
				7E4276302148085D0006A054 /* Release */,
			);
			defaultConfigurationIsVisible = 0;
			defaultConfigurationName = Release;
		};
		7E4276312148085D0006A054 /* Build configuration list for PBXNativeTarget "Tasmeam" */ = {
			isa = XCConfigurationList;
			buildConfigurations = (
				7E4276322148085D0006A054 /* Debug */,
				7E4276332148085D0006A054 /* Release */,
			);
			defaultConfigurationIsVisible = 0;
			defaultConfigurationName = Release;
		};
/* End XCConfigurationList section */

/* Begin XCVersionGroup section */
		7E427626214808590006A054 /* Tasmeam.xcdatamodeld */ = {
			isa = XCVersionGroup;
			children = (
				7E427627214808590006A054 /* Tasmeam.xcdatamodel */,
			);
			currentVersion = 7E427627214808590006A054 /* Tasmeam.xcdatamodel */;
			path = Tasmeam.xcdatamodeld;
			sourceTree = "<group>";
			versionGroupType = wrapper.xcdatamodel;
		};
/* End XCVersionGroup section */
	};
	rootObject = 7E427614214808580006A054 /* Project object */;
}
